
Microsoft Visual Studio Solution File, Format Version 12.00
# Visual Studio Version 16
VisualStudioVersion = 16.0.31229.75
MinimumVisualStudioVersion = 10.0.40219.1
Project("{8BC9CEB8-8B4A-11D0-8D11-00A0C91BC942}") = "spam", "spam\spam.vcxproj", "{620C018F-DEA1-4705-83C0-BBB3487B7521}"
EndProject
Global
	GlobalSection(SolutionConfigurationPlatforms) = preSolution
		Debug|x64 = Debug|x64
		Debug|x86 = Debug|x86
		Release|x64 = Release|x64
		Release|x86 = Release|x86
	EndGlobalSection
	GlobalSection(ProjectConfigurationPlatforms) = postSolution
		{620C018F-DEA1-4705-83C0-BBB3487B7521}.Debug|x64.ActiveCfg = Debug|x64
		{620C018F-DEA1-4705-83C0-BBB3487B7521}.Debug|x64.Build.0 = Debug|x64
		{620C018F-DEA1-4705-83C0-BBB3487B7521}.Debug|x86.ActiveCfg = Debug|Win32
		{620C018F-DEA1-4705-83C0-BBB3487B7521}.Debug|x86.Build.0 = Debug|Win32
		{620C018F-DEA1-4705-83C0-BBB3487B7521}.Release|x64.ActiveCfg = Release|x64
		{620C018F-DEA1-4705-83C0-BBB3487B7521}.Release|x64.Build.0 = Release|x64
		{620C018F-DEA1-4705-83C0-BBB3487B7521}.Release|x86.ActiveCfg = Release|Win32
		{620C018F-DEA1-4705-83C0-BBB3487B7521}.Release|x86.Build.0 = Release|Win32
	EndGlobalSection
	GlobalSection(SolutionProperties) = preSolution
		HideSolutionNode = FALSE
	EndGlobalSection
	GlobalSection(ExtensibilityGlobals) = postSolution
		SolutionGuid = {CFF3A378-19CD-4707-8D0D-420461F68D53}
	EndGlobalSection
EndGlobal
